// !$*UTF8*$!
{
	archiveVersion = 1;
	classes = {
	};
	objectVersion = 52;
	objects = {

/* Begin PBXBuildFile section */
		2F3A42572773A83D0083C6F9 /* LoadingFactory.swift in Sources */ = {isa = PBXBuildFile; fileRef = 2F3A42562773A83D0083C6F9 /* LoadingFactory.swift */; };
		2F56427E2773C1D8004DBCC1 /* Portfolio.swift in Sources */ = {isa = PBXBuildFile; fileRef = 2F56427D2773C1D8004DBCC1 /* Portfolio.swift */; };
		2F5642802773C508004DBCC1 /* PortfolioTableViewCell.swift in Sources */ = {isa = PBXBuildFile; fileRef = 2F56427F2773C508004DBCC1 /* PortfolioTableViewCell.swift */; };
		2F8403772772D4AE0054A045 /* LoginCoordinator.swift in Sources */ = {isa = PBXBuildFile; fileRef = 2F8403762772D4AE0054A045 /* LoginCoordinator.swift */; };
		2F8403792772D51F0054A045 /* LoginViewModel.swift in Sources */ = {isa = PBXBuildFile; fileRef = 2F8403782772D51F0054A045 /* LoginViewModel.swift */; };
		2F84037B2772D5690054A045 /* LoginViewController.swift in Sources */ = {isa = PBXBuildFile; fileRef = 2F84037A2772D5690054A045 /* LoginViewController.swift */; };
		2F84037F2772E7540054A045 /* APIService.swift in Sources */ = {isa = PBXBuildFile; fileRef = 2F84037E2772E7540054A045 /* APIService.swift */; };
		2FEF63B62771495D006882D6 /* AppCoordinator.swift in Sources */ = {isa = PBXBuildFile; fileRef = 2FEF63B52771495D006882D6 /* AppCoordinator.swift */; };
		2FEF63C427714BA5006882D6 /* PortifoliosViewController.swift in Sources */ = {isa = PBXBuildFile; fileRef = 2FEF63C327714BA4006882D6 /* PortifoliosViewController.swift */; };
		2FEF63C627714D5D006882D6 /* PortifoliosFlowCoordinator.swift in Sources */ = {isa = PBXBuildFile; fileRef = 2FEF63C527714D5D006882D6 /* PortifoliosFlowCoordinator.swift */; };
		2FEF63C827717C74006882D6 /* Coordinator.swift in Sources */ = {isa = PBXBuildFile; fileRef = 2FEF63C727717C74006882D6 /* Coordinator.swift */; };
		2FEF63CA27717E28006882D6 /* PortifoliosViewModel.swift in Sources */ = {isa = PBXBuildFile; fileRef = 2FEF63C927717E28006882D6 /* PortifoliosViewModel.swift */; };
		2FEF63E32771861B006882D6 /* InitialFlowCoordinator.swift in Sources */ = {isa = PBXBuildFile; fileRef = 2FEF63E22771861B006882D6 /* InitialFlowCoordinator.swift */; };
		2FEF63E5277186A3006882D6 /* InitialFlowViewModel.swift in Sources */ = {isa = PBXBuildFile; fileRef = 2FEF63E4277186A3006882D6 /* InitialFlowViewModel.swift */; };
		2FEF63E7277186E5006882D6 /* InitialFlowViewController.swift in Sources */ = {isa = PBXBuildFile; fileRef = 2FEF63E6277186E5006882D6 /* InitialFlowViewController.swift */; };
		2FEF63ED27718B71006882D6 /* DetailViewController.swift in Sources */ = {isa = PBXBuildFile; fileRef = 2FEF63EC27718B71006882D6 /* DetailViewController.swift */; };
		2FEF63EF27718B89006882D6 /* DetailsCoordinator.swift in Sources */ = {isa = PBXBuildFile; fileRef = 2FEF63EE27718B89006882D6 /* DetailsCoordinator.swift */; };
		2FEF63F127718BDC006882D6 /* DetailsViewModel.swift in Sources */ = {isa = PBXBuildFile; fileRef = 2FEF63F027718BDC006882D6 /* DetailsViewModel.swift */; };
		332C227B23FEBCE0007823E5 /* AppDelegate.swift in Sources */ = {isa = PBXBuildFile; fileRef = 332C227A23FEBCE0007823E5 /* AppDelegate.swift */; };
		332C227D23FEBCE0007823E5 /* SceneDelegate.swift in Sources */ = {isa = PBXBuildFile; fileRef = 332C227C23FEBCE0007823E5 /* SceneDelegate.swift */; };
		332C228123FEBCE1007823E5 /* Assets.xcassets in Resources */ = {isa = PBXBuildFile; fileRef = 332C228023FEBCE1007823E5 /* Assets.xcassets */; };
		332C228423FEBCE1007823E5 /* Preview Assets.xcassets in Resources */ = {isa = PBXBuildFile; fileRef = 332C228323FEBCE1007823E5 /* Preview Assets.xcassets */; };
		332C228723FEBCE1007823E5 /* LaunchScreen.storyboard in Resources */ = {isa = PBXBuildFile; fileRef = 332C228523FEBCE1007823E5 /* LaunchScreen.storyboard */; };
		332C229223FEBCE1007823E5 /* AppUITests.swift in Sources */ = {isa = PBXBuildFile; fileRef = 332C229123FEBCE1007823E5 /* AppUITests.swift */; };
		332C229E23FEBDD9007823E5 /* Modules in Frameworks */ = {isa = PBXBuildFile; productRef = 332C229D23FEBDD9007823E5 /* Modules */; };
/* End PBXBuildFile section */

/* Begin PBXContainerItemProxy section */
		332C228E23FEBCE1007823E5 /* PBXContainerItemProxy */ = {
			isa = PBXContainerItemProxy;
			containerPortal = 332C226F23FEBCE0007823E5 /* Project object */;
			proxyType = 1;
			remoteGlobalIDString = 332C227623FEBCE0007823E5;
			remoteInfo = App;
		};
/* End PBXContainerItemProxy section */

/* Begin PBXFileReference section */
		2F3A42562773A83D0083C6F9 /* LoadingFactory.swift */ = {isa = PBXFileReference; lastKnownFileType = sourcecode.swift; path = LoadingFactory.swift; sourceTree = "<group>"; };
		2F56427D2773C1D8004DBCC1 /* Portfolio.swift */ = {isa = PBXFileReference; lastKnownFileType = sourcecode.swift; path = Portfolio.swift; sourceTree = "<group>"; };
		2F56427F2773C508004DBCC1 /* PortfolioTableViewCell.swift */ = {isa = PBXFileReference; lastKnownFileType = sourcecode.swift; path = PortfolioTableViewCell.swift; sourceTree = "<group>"; };
		2F8403762772D4AE0054A045 /* LoginCoordinator.swift */ = {isa = PBXFileReference; lastKnownFileType = sourcecode.swift; path = LoginCoordinator.swift; sourceTree = "<group>"; };
		2F8403782772D51F0054A045 /* LoginViewModel.swift */ = {isa = PBXFileReference; lastKnownFileType = sourcecode.swift; path = LoginViewModel.swift; sourceTree = "<group>"; };
		2F84037A2772D5690054A045 /* LoginViewController.swift */ = {isa = PBXFileReference; lastKnownFileType = sourcecode.swift; path = LoginViewController.swift; sourceTree = "<group>"; };
		2F84037E2772E7540054A045 /* APIService.swift */ = {isa = PBXFileReference; lastKnownFileType = sourcecode.swift; path = APIService.swift; sourceTree = "<group>"; };
		2FEF63B52771495D006882D6 /* AppCoordinator.swift */ = {isa = PBXFileReference; lastKnownFileType = sourcecode.swift; path = AppCoordinator.swift; sourceTree = "<group>"; };
		2FEF63C327714BA4006882D6 /* PortifoliosViewController.swift */ = {isa = PBXFileReference; lastKnownFileType = sourcecode.swift; path = PortifoliosViewController.swift; sourceTree = "<group>"; };
		2FEF63C527714D5D006882D6 /* PortifoliosFlowCoordinator.swift */ = {isa = PBXFileReference; lastKnownFileType = sourcecode.swift; path = PortifoliosFlowCoordinator.swift; sourceTree = "<group>"; };
		2FEF63C727717C74006882D6 /* Coordinator.swift */ = {isa = PBXFileReference; lastKnownFileType = sourcecode.swift; path = Coordinator.swift; sourceTree = "<group>"; };
		2FEF63C927717E28006882D6 /* PortifoliosViewModel.swift */ = {isa = PBXFileReference; lastKnownFileType = sourcecode.swift; path = PortifoliosViewModel.swift; sourceTree = "<group>"; };
		2FEF63E22771861B006882D6 /* InitialFlowCoordinator.swift */ = {isa = PBXFileReference; lastKnownFileType = sourcecode.swift; path = InitialFlowCoordinator.swift; sourceTree = "<group>"; };
		2FEF63E4277186A3006882D6 /* InitialFlowViewModel.swift */ = {isa = PBXFileReference; lastKnownFileType = sourcecode.swift; path = InitialFlowViewModel.swift; sourceTree = "<group>"; };
		2FEF63E6277186E5006882D6 /* InitialFlowViewController.swift */ = {isa = PBXFileReference; lastKnownFileType = sourcecode.swift; path = InitialFlowViewController.swift; sourceTree = "<group>"; };
		2FEF63EC27718B71006882D6 /* DetailViewController.swift */ = {isa = PBXFileReference; lastKnownFileType = sourcecode.swift; path = DetailViewController.swift; sourceTree = "<group>"; };
		2FEF63EE27718B89006882D6 /* DetailsCoordinator.swift */ = {isa = PBXFileReference; lastKnownFileType = sourcecode.swift; path = DetailsCoordinator.swift; sourceTree = "<group>"; };
		2FEF63F027718BDC006882D6 /* DetailsViewModel.swift */ = {isa = PBXFileReference; lastKnownFileType = sourcecode.swift; path = DetailsViewModel.swift; sourceTree = "<group>"; };
		332C227723FEBCE0007823E5 /* Warren.app */ = {isa = PBXFileReference; explicitFileType = wrapper.application; includeInIndex = 0; path = Warren.app; sourceTree = BUILT_PRODUCTS_DIR; };
		332C227A23FEBCE0007823E5 /* AppDelegate.swift */ = {isa = PBXFileReference; lastKnownFileType = sourcecode.swift; path = AppDelegate.swift; sourceTree = "<group>"; };
		332C227C23FEBCE0007823E5 /* SceneDelegate.swift */ = {isa = PBXFileReference; lastKnownFileType = sourcecode.swift; path = SceneDelegate.swift; sourceTree = "<group>"; };
		332C228023FEBCE1007823E5 /* Assets.xcassets */ = {isa = PBXFileReference; lastKnownFileType = folder.assetcatalog; path = Assets.xcassets; sourceTree = "<group>"; };
		332C228323FEBCE1007823E5 /* Preview Assets.xcassets */ = {isa = PBXFileReference; lastKnownFileType = folder.assetcatalog; path = "Preview Assets.xcassets"; sourceTree = "<group>"; };
		332C228623FEBCE1007823E5 /* Base */ = {isa = PBXFileReference; lastKnownFileType = file.storyboard; name = Base; path = Base.lproj/LaunchScreen.storyboard; sourceTree = "<group>"; };
		332C228823FEBCE1007823E5 /* Info.plist */ = {isa = PBXFileReference; lastKnownFileType = text.plist.xml; path = Info.plist; sourceTree = "<group>"; };
		332C228D23FEBCE1007823E5 /* AppUITests.xctest */ = {isa = PBXFileReference; explicitFileType = wrapper.cfbundle; includeInIndex = 0; path = AppUITests.xctest; sourceTree = BUILT_PRODUCTS_DIR; };
		332C229123FEBCE1007823E5 /* AppUITests.swift */ = {isa = PBXFileReference; lastKnownFileType = sourcecode.swift; path = AppUITests.swift; sourceTree = "<group>"; };
		332C229323FEBCE1007823E5 /* Info.plist */ = {isa = PBXFileReference; lastKnownFileType = text.plist.xml; path = Info.plist; sourceTree = "<group>"; };
/* End PBXFileReference section */

/* Begin PBXFrameworksBuildPhase section */
		332C227423FEBCE0007823E5 /* Frameworks */ = {
			isa = PBXFrameworksBuildPhase;
			buildActionMask = 2147483647;
			files = (
				332C229E23FEBDD9007823E5 /* Modules in Frameworks */,
			);
			runOnlyForDeploymentPostprocessing = 0;
		};
		332C228A23FEBCE1007823E5 /* Frameworks */ = {
			isa = PBXFrameworksBuildPhase;
			buildActionMask = 2147483647;
			files = (
			);
			runOnlyForDeploymentPostprocessing = 0;
		};
/* End PBXFrameworksBuildPhase section */

/* Begin PBXGroup section */
		2F3A42552773A7CD0083C6F9 /* View */ = {
			isa = PBXGroup;
			children = (
				2F3A42562773A83D0083C6F9 /* LoadingFactory.swift */,
			);
			path = View;
			sourceTree = "<group>";
		};
		2F56427C2773C16B004DBCC1 /* Model */ = {
			isa = PBXGroup;
			children = (
				2F56427D2773C1D8004DBCC1 /* Portfolio.swift */,
			);
			path = Model;
			sourceTree = "<group>";
		};
		2F8403722772D4320054A045 /* LoginFlow */ = {
			isa = PBXGroup;
			children = (
				2F8403752772D44C0054A045 /* Coordinator */,
				2F8403742772D4430054A045 /* ViewModel */,
				2F8403732772D43C0054A045 /* View */,
			);
			path = LoginFlow;
			sourceTree = "<group>";
		};
		2F8403732772D43C0054A045 /* View */ = {
			isa = PBXGroup;
			children = (
				2F84037A2772D5690054A045 /* LoginViewController.swift */,
			);
			path = View;
			sourceTree = "<group>";
		};
		2F8403742772D4430054A045 /* ViewModel */ = {
			isa = PBXGroup;
			children = (
				2F8403782772D51F0054A045 /* LoginViewModel.swift */,
			);
			path = ViewModel;
			sourceTree = "<group>";
		};
		2F8403752772D44C0054A045 /* Coordinator */ = {
			isa = PBXGroup;
			children = (
				2F8403762772D4AE0054A045 /* LoginCoordinator.swift */,
			);
			path = Coordinator;
			sourceTree = "<group>";
		};
		2F84037C2772E73C0054A045 /* Model */ = {
			isa = PBXGroup;
			children = (
				2F84037D2772E7430054A045 /* Service */,
			);
			path = Model;
			sourceTree = "<group>";
		};
		2F84037D2772E7430054A045 /* Service */ = {
			isa = PBXGroup;
			children = (
				2F84037E2772E7540054A045 /* APIService.swift */,
			);
			path = Service;
			sourceTree = "<group>";
		};
		2FEF63B3277148FA006882D6 /* Common */ = {
			isa = PBXGroup;
			children = (
				2F3A42552773A7CD0083C6F9 /* View */,
				2F84037C2772E73C0054A045 /* Model */,
				2FEF63B42771490E006882D6 /* Coordinator */,
			);
			path = Common;
			sourceTree = "<group>";
		};
		2FEF63B42771490E006882D6 /* Coordinator */ = {
			isa = PBXGroup;
			children = (
				2FEF63B52771495D006882D6 /* AppCoordinator.swift */,
				2FEF63C727717C74006882D6 /* Coordinator.swift */,
			);
			path = Coordinator;
			sourceTree = "<group>";
		};
		2FEF63BF27714B43006882D6 /* PortfoliosFlow */ = {
			isa = PBXGroup;
			children = (
				2F56427C2773C16B004DBCC1 /* Model */,
				2FEF63C227714B70006882D6 /* Coordinator */,
				2FEF63C127714B68006882D6 /* ViewModel */,
				2FEF63C027714B60006882D6 /* View */,
			);
			path = PortfoliosFlow;
			sourceTree = "<group>";
		};
		2FEF63C027714B60006882D6 /* View */ = {
			isa = PBXGroup;
			children = (
				2FEF63C327714BA4006882D6 /* PortifoliosViewController.swift */,
				2F56427F2773C508004DBCC1 /* PortfolioTableViewCell.swift */,
			);
			path = View;
			sourceTree = "<group>";
		};
		2FEF63C127714B68006882D6 /* ViewModel */ = {
			isa = PBXGroup;
			children = (
				2FEF63C927717E28006882D6 /* PortifoliosViewModel.swift */,
			);
			path = ViewModel;
			sourceTree = "<group>";
		};
		2FEF63C227714B70006882D6 /* Coordinator */ = {
			isa = PBXGroup;
			children = (
				2FEF63C527714D5D006882D6 /* PortifoliosFlowCoordinator.swift */,
			);
			path = Coordinator;
			sourceTree = "<group>";
		};
		2FEF63DE277185D2006882D6 /* InitialFlow */ = {
			isa = PBXGroup;
			children = (
				2FEF63E127718609006882D6 /* View */,
				2FEF63E027718603006882D6 /* ViewModel */,
				2FEF63DF277185F8006882D6 /* Coordinator */,
			);
			path = InitialFlow;
			sourceTree = "<group>";
		};
		2FEF63DF277185F8006882D6 /* Coordinator */ = {
			isa = PBXGroup;
			children = (
				2FEF63E22771861B006882D6 /* InitialFlowCoordinator.swift */,
			);
			path = Coordinator;
			sourceTree = "<group>";
		};
		2FEF63E027718603006882D6 /* ViewModel */ = {
			isa = PBXGroup;
			children = (
				2FEF63E4277186A3006882D6 /* InitialFlowViewModel.swift */,
			);
			path = ViewModel;
			sourceTree = "<group>";
		};
		2FEF63E127718609006882D6 /* View */ = {
			isa = PBXGroup;
			children = (
				2FEF63E6277186E5006882D6 /* InitialFlowViewController.swift */,
			);
			path = View;
			sourceTree = "<group>";
		};
		2FEF63E8277189C3006882D6 /* DetailsFlow */ = {
			isa = PBXGroup;
			children = (
				2FEF63EB27718B26006882D6 /* Coordinator */,
				2FEF63EA277189D6006882D6 /* ViewModel */,
				2FEF63E9277189D0006882D6 /* View */,
			);
			path = DetailsFlow;
			sourceTree = "<group>";
		};
		2FEF63E9277189D0006882D6 /* View */ = {
			isa = PBXGroup;
			children = (
				2FEF63EC27718B71006882D6 /* DetailViewController.swift */,
			);
			path = View;
			sourceTree = "<group>";
		};
		2FEF63EA277189D6006882D6 /* ViewModel */ = {
			isa = PBXGroup;
			children = (
				2FEF63F027718BDC006882D6 /* DetailsViewModel.swift */,
			);
			path = ViewModel;
			sourceTree = "<group>";
		};
		2FEF63EB27718B26006882D6 /* Coordinator */ = {
			isa = PBXGroup;
			children = (
				2FEF63EE27718B89006882D6 /* DetailsCoordinator.swift */,
			);
			path = Coordinator;
			sourceTree = "<group>";
		};
		332C226E23FEBCE0007823E5 = {
			isa = PBXGroup;
			children = (
				332C227923FEBCE0007823E5 /* App */,
				332C229023FEBCE1007823E5 /* AppUITests */,
				332C227823FEBCE0007823E5 /* Products */,
				332C229C23FEBDD9007823E5 /* Frameworks */,
			);
			sourceTree = "<group>";
		};
		332C227823FEBCE0007823E5 /* Products */ = {
			isa = PBXGroup;
			children = (
				332C227723FEBCE0007823E5 /* Warren.app */,
				332C228D23FEBCE1007823E5 /* AppUITests.xctest */,
			);
			name = Products;
			sourceTree = "<group>";
		};
		332C227923FEBCE0007823E5 /* App */ = {
			isa = PBXGroup;
			children = (
				2F8403722772D4320054A045 /* LoginFlow */,
				2FEF63E8277189C3006882D6 /* DetailsFlow */,
				2FEF63DE277185D2006882D6 /* InitialFlow */,
				2FEF63BF27714B43006882D6 /* PortfoliosFlow */,
				2FEF63B3277148FA006882D6 /* Common */,
				332C227A23FEBCE0007823E5 /* AppDelegate.swift */,
				332C227C23FEBCE0007823E5 /* SceneDelegate.swift */,
				332C228023FEBCE1007823E5 /* Assets.xcassets */,
				332C228523FEBCE1007823E5 /* LaunchScreen.storyboard */,
				332C228823FEBCE1007823E5 /* Info.plist */,
				332C228223FEBCE1007823E5 /* Preview Content */,
			);
			path = App;
			sourceTree = "<group>";
		};
		332C228223FEBCE1007823E5 /* Preview Content */ = {
			isa = PBXGroup;
			children = (
				332C228323FEBCE1007823E5 /* Preview Assets.xcassets */,
			);
			path = "Preview Content";
			sourceTree = "<group>";
		};
		332C229023FEBCE1007823E5 /* AppUITests */ = {
			isa = PBXGroup;
			children = (
				332C229123FEBCE1007823E5 /* AppUITests.swift */,
				332C229323FEBCE1007823E5 /* Info.plist */,
			);
			path = AppUITests;
			sourceTree = "<group>";
		};
		332C229C23FEBDD9007823E5 /* Frameworks */ = {
			isa = PBXGroup;
			children = (
			);
			name = Frameworks;
			sourceTree = "<group>";
		};
/* End PBXGroup section */

/* Begin PBXNativeTarget section */
		332C227623FEBCE0007823E5 /* App */ = {
			isa = PBXNativeTarget;
			buildConfigurationList = 332C229623FEBCE1007823E5 /* Build configuration list for PBXNativeTarget "App" */;
			buildPhases = (
				332C227323FEBCE0007823E5 /* Sources */,
				332C227423FEBCE0007823E5 /* Frameworks */,
				332C227523FEBCE0007823E5 /* Resources */,
			);
			buildRules = (
			);
			dependencies = (
			);
			name = App;
			packageProductDependencies = (
				332C229D23FEBDD9007823E5 /* Modules */,
			);
			productName = App;
			productReference = 332C227723FEBCE0007823E5 /* Warren.app */;
			productType = "com.apple.product-type.application";
		};
		332C228C23FEBCE1007823E5 /* AppUITests */ = {
			isa = PBXNativeTarget;
			buildConfigurationList = 332C229923FEBCE1007823E5 /* Build configuration list for PBXNativeTarget "AppUITests" */;
			buildPhases = (
				332C228923FEBCE1007823E5 /* Sources */,
				332C228A23FEBCE1007823E5 /* Frameworks */,
				332C228B23FEBCE1007823E5 /* Resources */,
			);
			buildRules = (
			);
			dependencies = (
				332C228F23FEBCE1007823E5 /* PBXTargetDependency */,
			);
			name = AppUITests;
			productName = AppUITests;
			productReference = 332C228D23FEBCE1007823E5 /* AppUITests.xctest */;
			productType = "com.apple.product-type.bundle.ui-testing";
		};
/* End PBXNativeTarget section */

/* Begin PBXProject section */
		332C226F23FEBCE0007823E5 /* Project object */ = {
			isa = PBXProject;
			attributes = {
				LastSwiftUpdateCheck = 1130;
				LastUpgradeCheck = 1310;
				ORGANIZATIONNAME = Warren;
				TargetAttributes = {
					332C227623FEBCE0007823E5 = {
						CreatedOnToolsVersion = 11.3.1;
					};
					332C228C23FEBCE1007823E5 = {
						CreatedOnToolsVersion = 11.3.1;
						TestTargetID = 332C227623FEBCE0007823E5;
					};
				};
			};
			buildConfigurationList = 332C227223FEBCE0007823E5 /* Build configuration list for PBXProject "App" */;
			compatibilityVersion = "Xcode 9.3";
			developmentRegion = en;
			hasScannedForEncodings = 0;
			knownRegions = (
				en,
				Base,
			);
			mainGroup = 332C226E23FEBCE0007823E5;
			productRefGroup = 332C227823FEBCE0007823E5 /* Products */;
			projectDirPath = "";
			projectRoot = "";
			targets = (
				332C227623FEBCE0007823E5 /* App */,
				332C228C23FEBCE1007823E5 /* AppUITests */,
			);
		};
/* End PBXProject section */

/* Begin PBXResourcesBuildPhase section */
		332C227523FEBCE0007823E5 /* Resources */ = {
			isa = PBXResourcesBuildPhase;
			buildActionMask = 2147483647;
			files = (
				332C228723FEBCE1007823E5 /* LaunchScreen.storyboard in Resources */,
				332C228423FEBCE1007823E5 /* Preview Assets.xcassets in Resources */,
				332C228123FEBCE1007823E5 /* Assets.xcassets in Resources */,
			);
			runOnlyForDeploymentPostprocessing = 0;
		};
		332C228B23FEBCE1007823E5 /* Resources */ = {
			isa = PBXResourcesBuildPhase;
			buildActionMask = 2147483647;
			files = (
			);
			runOnlyForDeploymentPostprocessing = 0;
		};
/* End PBXResourcesBuildPhase section */

/* Begin PBXSourcesBuildPhase section */
		332C227323FEBCE0007823E5 /* Sources */ = {
			isa = PBXSourcesBuildPhase;
			buildActionMask = 2147483647;
			files = (
				2F5642802773C508004DBCC1 /* PortfolioTableViewCell.swift in Sources */,
				2F84037F2772E7540054A045 /* APIService.swift in Sources */,
				2FEF63ED27718B71006882D6 /* DetailViewController.swift in Sources */,
				2FEF63EF27718B89006882D6 /* DetailsCoordinator.swift in Sources */,
				2F8403772772D4AE0054A045 /* LoginCoordinator.swift in Sources */,
				2FEF63E5277186A3006882D6 /* InitialFlowViewModel.swift in Sources */,
				2FEF63B62771495D006882D6 /* AppCoordinator.swift in Sources */,
				2FEF63F127718BDC006882D6 /* DetailsViewModel.swift in Sources */,
				2FEF63CA27717E28006882D6 /* PortifoliosViewModel.swift in Sources */,
				2FEF63E7277186E5006882D6 /* InitialFlowViewController.swift in Sources */,
				2F8403792772D51F0054A045 /* LoginViewModel.swift in Sources */,
				2FEF63C427714BA5006882D6 /* PortifoliosViewController.swift in Sources */,
				2FEF63C827717C74006882D6 /* Coordinator.swift in Sources */,
				2F56427E2773C1D8004DBCC1 /* Portfolio.swift in Sources */,
				332C227B23FEBCE0007823E5 /* AppDelegate.swift in Sources */,
				2F84037B2772D5690054A045 /* LoginViewController.swift in Sources */,
				2FEF63E32771861B006882D6 /* InitialFlowCoordinator.swift in Sources */,
				2FEF63C627714D5D006882D6 /* PortifoliosFlowCoordinator.swift in Sources */,
				332C227D23FEBCE0007823E5 /* SceneDelegate.swift in Sources */,
				2F3A42572773A83D0083C6F9 /* LoadingFactory.swift in Sources */,
			);
			runOnlyForDeploymentPostprocessing = 0;
		};
		332C228923FEBCE1007823E5 /* Sources */ = {
			isa = PBXSourcesBuildPhase;
			buildActionMask = 2147483647;
			files = (
				332C229223FEBCE1007823E5 /* AppUITests.swift in Sources */,
			);
			runOnlyForDeploymentPostprocessing = 0;
		};
/* End PBXSourcesBuildPhase section */

/* Begin PBXTargetDependency section */
		332C228F23FEBCE1007823E5 /* PBXTargetDependency */ = {
			isa = PBXTargetDependency;
			target = 332C227623FEBCE0007823E5 /* App */;
			targetProxy = 332C228E23FEBCE1007823E5 /* PBXContainerItemProxy */;
		};
/* End PBXTargetDependency section */

/* Begin PBXVariantGroup section */
		332C228523FEBCE1007823E5 /* LaunchScreen.storyboard */ = {
			isa = PBXVariantGroup;
			children = (
				332C228623FEBCE1007823E5 /* Base */,
			);
			name = LaunchScreen.storyboard;
			sourceTree = "<group>";
		};
/* End PBXVariantGroup section */

/* Begin XCBuildConfiguration section */
		332C229423FEBCE1007823E5 /* Debug */ = {
			isa = XCBuildConfiguration;
			buildSettings = {
				ALWAYS_SEARCH_USER_PATHS = NO;
				CLANG_ANALYZER_NONNULL = YES;
				CLANG_ANALYZER_NUMBER_OBJECT_CONVERSION = YES_AGGRESSIVE;
				CLANG_CXX_LANGUAGE_STANDARD = "gnu++14";
				CLANG_CXX_LIBRARY = "libc++";
				CLANG_ENABLE_MODULES = YES;
				CLANG_ENABLE_OBJC_ARC = YES;
				CLANG_ENABLE_OBJC_WEAK = YES;
				CLANG_WARN_BLOCK_CAPTURE_AUTORELEASING = YES;
				CLANG_WARN_BOOL_CONVERSION = YES;
				CLANG_WARN_COMMA = YES;
				CLANG_WARN_CONSTANT_CONVERSION = YES;
				CLANG_WARN_DEPRECATED_OBJC_IMPLEMENTATIONS = YES;
				CLANG_WARN_DIRECT_OBJC_ISA_USAGE = YES_ERROR;
				CLANG_WARN_DOCUMENTATION_COMMENTS = YES;
				CLANG_WARN_EMPTY_BODY = YES;
				CLANG_WARN_ENUM_CONVERSION = YES;
				CLANG_WARN_INFINITE_RECURSION = YES;
				CLANG_WARN_INT_CONVERSION = YES;
				CLANG_WARN_NON_LITERAL_NULL_CONVERSION = YES;
				CLANG_WARN_OBJC_IMPLICIT_RETAIN_SELF = YES;
				CLANG_WARN_OBJC_LITERAL_CONVERSION = YES;
				CLANG_WARN_OBJC_ROOT_CLASS = YES_ERROR;
				CLANG_WARN_QUOTED_INCLUDE_IN_FRAMEWORK_HEADER = YES;
				CLANG_WARN_RANGE_LOOP_ANALYSIS = YES;
				CLANG_WARN_STRICT_PROTOTYPES = YES;
				CLANG_WARN_SUSPICIOUS_MOVE = YES;
				CLANG_WARN_UNGUARDED_AVAILABILITY = YES_AGGRESSIVE;
				CLANG_WARN_UNREACHABLE_CODE = YES;
				CLANG_WARN__DUPLICATE_METHOD_MATCH = YES;
				COPY_PHASE_STRIP = NO;
				DEBUG_INFORMATION_FORMAT = dwarf;
				ENABLE_STRICT_OBJC_MSGSEND = YES;
				ENABLE_TESTABILITY = YES;
				GCC_C_LANGUAGE_STANDARD = gnu11;
				GCC_DYNAMIC_NO_PIC = NO;
				GCC_NO_COMMON_BLOCKS = YES;
				GCC_OPTIMIZATION_LEVEL = 0;
				GCC_PREPROCESSOR_DEFINITIONS = (
					"DEBUG=1",
					"$(inherited)",
				);
				GCC_WARN_64_TO_32_BIT_CONVERSION = YES;
				GCC_WARN_ABOUT_RETURN_TYPE = YES_ERROR;
				GCC_WARN_UNDECLARED_SELECTOR = YES;
				GCC_WARN_UNINITIALIZED_AUTOS = YES_AGGRESSIVE;
				GCC_WARN_UNUSED_FUNCTION = YES;
				GCC_WARN_UNUSED_VARIABLE = YES;
				IPHONEOS_DEPLOYMENT_TARGET = 13.2;
				MTL_ENABLE_DEBUG_INFO = INCLUDE_SOURCE;
				MTL_FAST_MATH = YES;
				ONLY_ACTIVE_ARCH = YES;
				SDKROOT = iphoneos;
				SWIFT_ACTIVE_COMPILATION_CONDITIONS = DEBUG;
				SWIFT_OPTIMIZATION_LEVEL = "-Onone";
			};
			name = Debug;
		};
		332C229523FEBCE1007823E5 /* Release */ = {
			isa = XCBuildConfiguration;
			buildSettings = {
				ALWAYS_SEARCH_USER_PATHS = NO;
				CLANG_ANALYZER_NONNULL = YES;
				CLANG_ANALYZER_NUMBER_OBJECT_CONVERSION = YES_AGGRESSIVE;
				CLANG_CXX_LANGUAGE_STANDARD = "gnu++14";
				CLANG_CXX_LIBRARY = "libc++";
				CLANG_ENABLE_MODULES = YES;
				CLANG_ENABLE_OBJC_ARC = YES;
				CLANG_ENABLE_OBJC_WEAK = YES;
				CLANG_WARN_BLOCK_CAPTURE_AUTORELEASING = YES;
				CLANG_WARN_BOOL_CONVERSION = YES;
				CLANG_WARN_COMMA = YES;
				CLANG_WARN_CONSTANT_CONVERSION = YES;
				CLANG_WARN_DEPRECATED_OBJC_IMPLEMENTATIONS = YES;
				CLANG_WARN_DIRECT_OBJC_ISA_USAGE = YES_ERROR;
				CLANG_WARN_DOCUMENTATION_COMMENTS = YES;
				CLANG_WARN_EMPTY_BODY = YES;
				CLANG_WARN_ENUM_CONVERSION = YES;
				CLANG_WARN_INFINITE_RECURSION = YES;
				CLANG_WARN_INT_CONVERSION = YES;
				CLANG_WARN_NON_LITERAL_NULL_CONVERSION = YES;
				CLANG_WARN_OBJC_IMPLICIT_RETAIN_SELF = YES;
				CLANG_WARN_OBJC_LITERAL_CONVERSION = YES;
				CLANG_WARN_OBJC_ROOT_CLASS = YES_ERROR;
				CLANG_WARN_QUOTED_INCLUDE_IN_FRAMEWORK_HEADER = YES;
				CLANG_WARN_RANGE_LOOP_ANALYSIS = YES;
				CLANG_WARN_STRICT_PROTOTYPES = YES;
				CLANG_WARN_SUSPICIOUS_MOVE = YES;
				CLANG_WARN_UNGUARDED_AVAILABILITY = YES_AGGRESSIVE;
				CLANG_WARN_UNREACHABLE_CODE = YES;
				CLANG_WARN__DUPLICATE_METHOD_MATCH = YES;
				COPY_PHASE_STRIP = NO;
				DEBUG_INFORMATION_FORMAT = "dwarf-with-dsym";
				ENABLE_NS_ASSERTIONS = NO;
				ENABLE_STRICT_OBJC_MSGSEND = YES;
				GCC_C_LANGUAGE_STANDARD = gnu11;
				GCC_NO_COMMON_BLOCKS = YES;
				GCC_WARN_64_TO_32_BIT_CONVERSION = YES;
				GCC_WARN_ABOUT_RETURN_TYPE = YES_ERROR;
				GCC_WARN_UNDECLARED_SELECTOR = YES;
				GCC_WARN_UNINITIALIZED_AUTOS = YES_AGGRESSIVE;
				GCC_WARN_UNUSED_FUNCTION = YES;
				GCC_WARN_UNUSED_VARIABLE = YES;
				IPHONEOS_DEPLOYMENT_TARGET = 13.2;
				MTL_ENABLE_DEBUG_INFO = NO;
				MTL_FAST_MATH = YES;
				SDKROOT = iphoneos;
				SWIFT_COMPILATION_MODE = wholemodule;
				SWIFT_OPTIMIZATION_LEVEL = "-O";
				VALIDATE_PRODUCT = YES;
			};
			name = Release;
		};
		332C229723FEBCE1007823E5 /* Debug */ = {
			isa = XCBuildConfiguration;
			buildSettings = {
				ASSETCATALOG_COMPILER_APPICON_NAME = AppIcon;
				CODE_SIGN_STYLE = Automatic;
				DEVELOPMENT_ASSET_PATHS = "\"App/Preview Content\"";
				DEVELOPMENT_TEAM = 5PUQFYAN2W;
				ENABLE_PREVIEWS = YES;
				INFOPLIST_FILE = App/Info.plist;
				LD_RUNPATH_SEARCH_PATHS = (
					"$(inherited)",
					"@executable_path/Frameworks",
				);
				PRODUCT_BUNDLE_IDENTIFIER = com.marcodev.desafio.warren.App;
				PRODUCT_NAME = Warren;
				SWIFT_VERSION = 5.0;
				TARGETED_DEVICE_FAMILY = "1,2";
			};
			name = Debug;
		};
		332C229823FEBCE1007823E5 /* Release */ = {
			isa = XCBuildConfiguration;
			buildSettings = {
				ASSETCATALOG_COMPILER_APPICON_NAME = AppIcon;
				CODE_SIGN_STYLE = Automatic;
				DEVELOPMENT_ASSET_PATHS = "\"App/Preview Content\"";
				DEVELOPMENT_TEAM = 5PUQFYAN2W;
				ENABLE_PREVIEWS = YES;
				INFOPLIST_FILE = App/Info.plist;
				LD_RUNPATH_SEARCH_PATHS = (
					"$(inherited)",
					"@executable_path/Frameworks",
				);
				PRODUCT_BUNDLE_IDENTIFIER = com.marcodev.desafio.warren.App;
				PRODUCT_NAME = Warren;
				SWIFT_VERSION = 5.0;
				TARGETED_DEVICE_FAMILY = "1,2";
			};
			name = Release;
		};
		332C229A23FEBCE1007823E5 /* Debug */ = {
			isa = XCBuildConfiguration;
			buildSettings = {
				ALWAYS_EMBED_SWIFT_STANDARD_LIBRARIES = YES;
				CODE_SIGN_STYLE = Automatic;
				INFOPLIST_FILE = AppUITests/Info.plist;
				LD_RUNPATH_SEARCH_PATHS = (
					"$(inherited)",
					"@executable_path/Frameworks",
					"@loader_path/Frameworks",
				);
				PRODUCT_BUNDLE_IDENTIFIER = com.warren.desafio.AppUITests;
				PRODUCT_NAME = "$(TARGET_NAME)";
				SWIFT_VERSION = 5.0;
				TARGETED_DEVICE_FAMILY = "1,2";
				TEST_TARGET_NAME = App;
			};
			name = Debug;
		};
		332C229B23FEBCE1007823E5 /* Release */ = {
			isa = XCBuildConfiguration;
			buildSettings = {
				ALWAYS_EMBED_SWIFT_STANDARD_LIBRARIES = YES;
				CODE_SIGN_STYLE = Automatic;
				INFOPLIST_FILE = AppUITests/Info.plist;
				LD_RUNPATH_SEARCH_PATHS = (
					"$(inherited)",
					"@executable_path/Frameworks",
					"@loader_path/Frameworks",
				);
				PRODUCT_BUNDLE_IDENTIFIER = com.warren.desafio.AppUITests;
				PRODUCT_NAME = "$(TARGET_NAME)";
				SWIFT_VERSION = 5.0;
				TARGETED_DEVICE_FAMILY = "1,2";
				TEST_TARGET_NAME = App;
			};
			name = Release;
		};
/* End XCBuildConfiguration section */

/* Begin XCConfigurationList section */
		332C227223FEBCE0007823E5 /* Build configuration list for PBXProject "App" */ = {
			isa = XCConfigurationList;
			buildConfigurations = (
				332C229423FEBCE1007823E5 /* Debug */,
				332C229523FEBCE1007823E5 /* Release */,
			);
			defaultConfigurationIsVisible = 0;
			defaultConfigurationName = Release;
		};
		332C229623FEBCE1007823E5 /* Build configuration list for PBXNativeTarget "App" */ = {
			isa = XCConfigurationList;
			buildConfigurations = (
				332C229723FEBCE1007823E5 /* Debug */,
				332C229823FEBCE1007823E5 /* Release */,
			);
			defaultConfigurationIsVisible = 0;
			defaultConfigurationName = Release;
		};
		332C229923FEBCE1007823E5 /* Build configuration list for PBXNativeTarget "AppUITests" */ = {
			isa = XCConfigurationList;
			buildConfigurations = (
				332C229A23FEBCE1007823E5 /* Debug */,
				332C229B23FEBCE1007823E5 /* Release */,
			);
			defaultConfigurationIsVisible = 0;
			defaultConfigurationName = Release;
		};
/* End XCConfigurationList section */

/* Begin XCSwiftPackageProductDependency section */
		332C229D23FEBDD9007823E5 /* Modules */ = {
			isa = XCSwiftPackageProductDependency;
			productName = Modules;
		};
/* End XCSwiftPackageProductDependency section */
	};
	rootObject = 332C226F23FEBCE0007823E5 /* Project object */;
}
